
Microsoft Visual Studio Solution File, Format Version 12.00
# Visual Studio Version 16
VisualStudioVersion = 16.0.31005.135
MinimumVisualStudioVersion = 10.0.40219.1
Project("{FAE04EC0-301F-11D3-BF4B-00C04F79EFBC}") = "MVCSilentAuthForTeams", "MVCSilentAuthForTeams.csproj", "{BD4203E4-6473-4309-BC57-52883A19725E}"
EndProject
Global
	GlobalSection(SolutionConfigurationPlatforms) = preSolution
		Debug|Any CPU = Debug|Any CPU
		Release|Any CPU = Release|Any CPU
	EndGlobalSection
	GlobalSection(ProjectConfigurationPlatforms) = postSolution
		{BD4203E4-6473-4309-BC57-52883A19725E}.Debug|Any CPU.ActiveCfg = Debug|Any CPU
		{BD4203E4-6473-4309-BC57-52883A19725E}.Debug|Any CPU.Build.0 = Debug|Any CPU
		{BD4203E4-6473-4309-BC57-52883A19725E}.Release|Any CPU.ActiveCfg = Release|Any CPU
		{BD4203E4-6473-4309-BC57-52883A19725E}.Release|Any CPU.Build.0 = Release|Any CPU
	EndGlobalSection
	GlobalSection(SolutionProperties) = preSolution
		HideSolutionNode = FALSE
	EndGlobalSection
	GlobalSection(ExtensibilityGlobals) = postSolution
		SolutionGuid = {19F85AB2-DECC-4E3A-98E4-54D076817A1A}
	EndGlobalSection
EndGlobal
